
Microsoft Visual Studio Solution File, Format Version 11.00
# Visual Studio 2010
Project("{FAE04EC0-301F-11D3-BF4B-00C04F79EFBC}") = "6_find_given_rectangles_overlap_or_not", "6_find_given_rectangles_overlap_or_not\6_find_given_rectangles_overlap_or_not.csproj", "{AA7B4AC3-1B8D-4DE1-903B-0359FA4FBEC1}"
EndProject
Global
	GlobalSection(SolutionConfigurationPlatforms) = preSolution
		Debug|x86 = Debug|x86
		Release|x86 = Release|x86
	EndGlobalSection
	GlobalSection(ProjectConfigurationPlatforms) = postSolution
		{AA7B4AC3-1B8D-4DE1-903B-0359FA4FBEC1}.Debug|x86.ActiveCfg = Debug|x86
		{AA7B4AC3-1B8D-4DE1-903B-0359FA4FBEC1}.Debug|x86.Build.0 = Debug|x86
		{AA7B4AC3-1B8D-4DE1-903B-0359FA4FBEC1}.Release|x86.ActiveCfg = Release|x86
		{AA7B4AC3-1B8D-4DE1-903B-0359FA4FBEC1}.Release|x86.Build.0 = Release|x86
	EndGlobalSection
	GlobalSection(SolutionProperties) = preSolution
		HideSolutionNode = FALSE
	EndGlobalSection
EndGlobal
