
Microsoft Visual Studio Solution File, Format Version 11.00
# Visual Studio 2010
Project("{FAE04EC0-301F-11D3-BF4B-00C04F79EFBC}") = "3_Count_Total_Solution", "3_Count_Total_Solution\3_Count_Total_Solution.csproj", "{ADABEE5B-AA38-4310-894F-913A57659E0D}"
EndProject
Global
	GlobalSection(SolutionConfigurationPlatforms) = preSolution
		Debug|x86 = Debug|x86
		Release|x86 = Release|x86
	EndGlobalSection
	GlobalSection(ProjectConfigurationPlatforms) = postSolution
		{ADABEE5B-AA38-4310-894F-913A57659E0D}.Debug|x86.ActiveCfg = Debug|x86
		{ADABEE5B-AA38-4310-894F-913A57659E0D}.Debug|x86.Build.0 = Debug|x86
		{ADABEE5B-AA38-4310-894F-913A57659E0D}.Release|x86.ActiveCfg = Release|x86
		{ADABEE5B-AA38-4310-894F-913A57659E0D}.Release|x86.Build.0 = Release|x86
	EndGlobalSection
	GlobalSection(SolutionProperties) = preSolution
		HideSolutionNode = FALSE
	EndGlobalSection
EndGlobal
